
Microsoft Visual Studio Solution File, Format Version 12.00
# Visual Studio Version 17
VisualStudioVersion = 17.5.33530.505
MinimumVisualStudioVersion = 10.0.40219.1
Project("{9A19103F-16F7-4668-BE54-9A1E7A4F7556}") = "RedHouse_Server", "RedHouse_Server.csproj", "{2C34C987-D070-433B-9D78-6F68F75B4E9B}"
EndProject
Global
	GlobalSection(SolutionConfigurationPlatforms) = preSolution
		Debug|Any CPU = Debug|Any CPU
		Release|Any CPU = Release|Any CPU
	EndGlobalSection
	GlobalSection(ProjectConfigurationPlatforms) = postSolution
		{2C34C987-D070-433B-9D78-6F68F75B4E9B}.Debug|Any CPU.ActiveCfg = Debug|Any CPU
		{2C34C987-D070-433B-9D78-6F68F75B4E9B}.Debug|Any CPU.Build.0 = Debug|Any CPU
		{2C34C987-D070-433B-9D78-6F68F75B4E9B}.Release|Any CPU.ActiveCfg = Release|Any CPU
		{2C34C987-D070-433B-9D78-6F68F75B4E9B}.Release|Any CPU.Build.0 = Release|Any CPU
	EndGlobalSection
	GlobalSection(SolutionProperties) = preSolution
		HideSolutionNode = FALSE
	EndGlobalSection
	GlobalSection(ExtensibilityGlobals) = postSolution
		SolutionGuid = {A61EBD82-EDCE-43CB-8237-1C40340D79A1}
	EndGlobalSection
EndGlobal
